// !$*UTF8*$!
{
	archiveVersion = 1;
	classes = {
	};
	objectVersion = 52;
	objects = {

/* Begin PBXBuildFile section */
		5273E42324B8114E00BB999B /* AppDelegate.swift in Sources */ = {isa = PBXBuildFile; fileRef = 5273E42224B8114E00BB999B /* AppDelegate.swift */; };
		5273E42524B8114E00BB999B /* SceneDelegate.swift in Sources */ = {isa = PBXBuildFile; fileRef = 5273E42424B8114E00BB999B /* SceneDelegate.swift */; };
		5273E42724B8114E00BB999B /* ContentView.swift in Sources */ = {isa = PBXBuildFile; fileRef = 5273E42624B8114E00BB999B /* ContentView.swift */; };
		5273E42924B8115000BB999B /* Assets.xcassets in Resources */ = {isa = PBXBuildFile; fileRef = 5273E42824B8115000BB999B /* Assets.xcassets */; };
		5273E42C24B8115000BB999B /* Preview Assets.xcassets in Resources */ = {isa = PBXBuildFile; fileRef = 5273E42B24B8115000BB999B /* Preview Assets.xcassets */; };
		5273E42F24B8115000BB999B /* LaunchScreen.storyboard in Resources */ = {isa = PBXBuildFile; fileRef = 5273E42D24B8115000BB999B /* LaunchScreen.storyboard */; };
		5273E43C24B8131A00BB999B /* Request.swift in Sources */ = {isa = PBXBuildFile; fileRef = 5273E43B24B8131A00BB999B /* Request.swift */; };
		5273E43F24B8176F00BB999B /* Home.swift in Sources */ = {isa = PBXBuildFile; fileRef = 5273E43E24B8176F00BB999B /* Home.swift */; };
		5273E44124B8180100BB999B /* Favorite.swift in Sources */ = {isa = PBXBuildFile; fileRef = 5273E44024B8180100BB999B /* Favorite.swift */; };
		5273E44324B8181600BB999B /* Detail.swift in Sources */ = {isa = PBXBuildFile; fileRef = 5273E44224B8181600BB999B /* Detail.swift */; };
		5273E44524B81BA300BB999B /* ResponsePopular.swift in Sources */ = {isa = PBXBuildFile; fileRef = 5273E44424B81BA300BB999B /* ResponsePopular.swift */; };
		5273E44724B81CA700BB999B /* ResponseTopRated.swift in Sources */ = {isa = PBXBuildFile; fileRef = 5273E44624B81CA700BB999B /* ResponseTopRated.swift */; };
		5273E44924B81EF400BB999B /* ResponseDetail.swift in Sources */ = {isa = PBXBuildFile; fileRef = 5273E44824B81EF400BB999B /* ResponseDetail.swift */; };
		5273E44C24B81F7900BB999B /* HomeViewModel.swift in Sources */ = {isa = PBXBuildFile; fileRef = 5273E44B24B81F7900BB999B /* HomeViewModel.swift */; };
		5273E45524B8421A00BB999B /* DataLoader.swift in Sources */ = {isa = PBXBuildFile; fileRef = 5273E45424B8421A00BB999B /* DataLoader.swift */; };
		5273E45724B842BE00BB999B /* WebImage.swift in Sources */ = {isa = PBXBuildFile; fileRef = 5273E45624B842BE00BB999B /* WebImage.swift */; };
/* End PBXBuildFile section */

/* Begin PBXFileReference section */
		5273E41F24B8114E00BB999B /* MovieApp.app */ = {isa = PBXFileReference; explicitFileType = wrapper.application; includeInIndex = 0; path = MovieApp.app; sourceTree = BUILT_PRODUCTS_DIR; };
		5273E42224B8114E00BB999B /* AppDelegate.swift */ = {isa = PBXFileReference; lastKnownFileType = sourcecode.swift; path = AppDelegate.swift; sourceTree = "<group>"; };
		5273E42424B8114E00BB999B /* SceneDelegate.swift */ = {isa = PBXFileReference; lastKnownFileType = sourcecode.swift; path = SceneDelegate.swift; sourceTree = "<group>"; };
		5273E42624B8114E00BB999B /* ContentView.swift */ = {isa = PBXFileReference; lastKnownFileType = sourcecode.swift; path = ContentView.swift; sourceTree = "<group>"; };
		5273E42824B8115000BB999B /* Assets.xcassets */ = {isa = PBXFileReference; lastKnownFileType = folder.assetcatalog; path = Assets.xcassets; sourceTree = "<group>"; };
		5273E42B24B8115000BB999B /* Preview Assets.xcassets */ = {isa = PBXFileReference; lastKnownFileType = folder.assetcatalog; path = "Preview Assets.xcassets"; sourceTree = "<group>"; };
		5273E42E24B8115000BB999B /* Base */ = {isa = PBXFileReference; lastKnownFileType = file.storyboard; name = Base; path = Base.lproj/LaunchScreen.storyboard; sourceTree = "<group>"; };
		5273E43024B8115000BB999B /* Info.plist */ = {isa = PBXFileReference; lastKnownFileType = text.plist.xml; path = Info.plist; sourceTree = "<group>"; };
		5273E43B24B8131A00BB999B /* Request.swift */ = {isa = PBXFileReference; lastKnownFileType = sourcecode.swift; path = Request.swift; sourceTree = "<group>"; };
		5273E43E24B8176F00BB999B /* Home.swift */ = {isa = PBXFileReference; lastKnownFileType = sourcecode.swift; path = Home.swift; sourceTree = "<group>"; };
		5273E44024B8180100BB999B /* Favorite.swift */ = {isa = PBXFileReference; lastKnownFileType = sourcecode.swift; path = Favorite.swift; sourceTree = "<group>"; };
		5273E44224B8181600BB999B /* Detail.swift */ = {isa = PBXFileReference; lastKnownFileType = sourcecode.swift; path = Detail.swift; sourceTree = "<group>"; };
		5273E44424B81BA300BB999B /* ResponsePopular.swift */ = {isa = PBXFileReference; lastKnownFileType = sourcecode.swift; path = ResponsePopular.swift; sourceTree = "<group>"; };
		5273E44624B81CA700BB999B /* ResponseTopRated.swift */ = {isa = PBXFileReference; lastKnownFileType = sourcecode.swift; path = ResponseTopRated.swift; sourceTree = "<group>"; };
		5273E44824B81EF400BB999B /* ResponseDetail.swift */ = {isa = PBXFileReference; lastKnownFileType = sourcecode.swift; path = ResponseDetail.swift; sourceTree = "<group>"; };
		5273E44B24B81F7900BB999B /* HomeViewModel.swift */ = {isa = PBXFileReference; lastKnownFileType = sourcecode.swift; path = HomeViewModel.swift; sourceTree = "<group>"; };
		5273E45424B8421A00BB999B /* DataLoader.swift */ = {isa = PBXFileReference; lastKnownFileType = sourcecode.swift; path = DataLoader.swift; sourceTree = "<group>"; };
		5273E45624B842BE00BB999B /* WebImage.swift */ = {isa = PBXFileReference; lastKnownFileType = sourcecode.swift; path = WebImage.swift; sourceTree = "<group>"; };
/* End PBXFileReference section */

/* Begin PBXFrameworksBuildPhase section */
		5273E41C24B8114E00BB999B /* Frameworks */ = {
			isa = PBXFrameworksBuildPhase;
			buildActionMask = 2147483647;
			files = (
			);
			runOnlyForDeploymentPostprocessing = 0;
		};
/* End PBXFrameworksBuildPhase section */

/* Begin PBXGroup section */
		5273E41624B8114D00BB999B = {
			isa = PBXGroup;
			children = (
				5273E42124B8114E00BB999B /* MovieApp */,
				5273E42024B8114E00BB999B /* Products */,
			);
			sourceTree = "<group>";
		};
		5273E42024B8114E00BB999B /* Products */ = {
			isa = PBXGroup;
			children = (
				5273E41F24B8114E00BB999B /* MovieApp.app */,
			);
			name = Products;
			sourceTree = "<group>";
		};
		5273E42124B8114E00BB999B /* MovieApp */ = {
			isa = PBXGroup;
			children = (
				5273E44E24B839A900BB999B /* Component */,
				5273E44A24B81F6100BB999B /* ViewModel */,
				5273E43D24B8173700BB999B /* Screen */,
				5273E43A24B8130900BB999B /* Request */,
				5273E43624B8118F00BB999B /* Models */,
				5273E42224B8114E00BB999B /* AppDelegate.swift */,
				5273E42424B8114E00BB999B /* SceneDelegate.swift */,
				5273E42624B8114E00BB999B /* ContentView.swift */,
				5273E42824B8115000BB999B /* Assets.xcassets */,
				5273E42D24B8115000BB999B /* LaunchScreen.storyboard */,
				5273E43024B8115000BB999B /* Info.plist */,
				5273E42A24B8115000BB999B /* Preview Content */,
			);
			path = MovieApp;
			sourceTree = "<group>";
		};
		5273E42A24B8115000BB999B /* Preview Content */ = {
			isa = PBXGroup;
			children = (
				5273E42B24B8115000BB999B /* Preview Assets.xcassets */,
			);
			path = "Preview Content";
			sourceTree = "<group>";
		};
		5273E43624B8118F00BB999B /* Models */ = {
			isa = PBXGroup;
			children = (
				5273E44424B81BA300BB999B /* ResponsePopular.swift */,
				5273E44624B81CA700BB999B /* ResponseTopRated.swift */,
				5273E44824B81EF400BB999B /* ResponseDetail.swift */,
			);
			path = Models;
			sourceTree = "<group>";
		};
		5273E43A24B8130900BB999B /* Request */ = {
			isa = PBXGroup;
			children = (
				5273E43B24B8131A00BB999B /* Request.swift */,
			);
			path = Request;
			sourceTree = "<group>";
		};
		5273E43D24B8173700BB999B /* Screen */ = {
			isa = PBXGroup;
			children = (
				5273E43E24B8176F00BB999B /* Home.swift */,
				5273E44024B8180100BB999B /* Favorite.swift */,
				5273E44224B8181600BB999B /* Detail.swift */,
			);
			path = Screen;
			sourceTree = "<group>";
		};
		5273E44A24B81F6100BB999B /* ViewModel */ = {
			isa = PBXGroup;
			children = (
				5273E44B24B81F7900BB999B /* HomeViewModel.swift */,
			);
			path = ViewModel;
			sourceTree = "<group>";
		};
		5273E44E24B839A900BB999B /* Component */ = {
			isa = PBXGroup;
			children = (
				5273E45424B8421A00BB999B /* DataLoader.swift */,
				5273E45624B842BE00BB999B /* WebImage.swift */,
			);
			path = Component;
			sourceTree = "<group>";
		};
/* End PBXGroup section */

/* Begin PBXNativeTarget section */
		5273E41E24B8114E00BB999B /* MovieApp */ = {
			isa = PBXNativeTarget;
			buildConfigurationList = 5273E43324B8115000BB999B /* Build configuration list for PBXNativeTarget "MovieApp" */;
			buildPhases = (
				5273E41B24B8114E00BB999B /* Sources */,
				5273E41C24B8114E00BB999B /* Frameworks */,
				5273E41D24B8114E00BB999B /* Resources */,
			);
			buildRules = (
			);
			dependencies = (
			);
			name = MovieApp;
			productName = MovieApp;
			productReference = 5273E41F24B8114E00BB999B /* MovieApp.app */;
			productType = "com.apple.product-type.application";
		};
/* End PBXNativeTarget section */

/* Begin PBXProject section */
		5273E41724B8114D00BB999B /* Project object */ = {
			isa = PBXProject;
			attributes = {
				LastSwiftUpdateCheck = 1150;
				LastUpgradeCheck = 1150;
				ORGANIZATIONNAME = SmartCyberSolution;
				TargetAttributes = {
					5273E41E24B8114E00BB999B = {
						CreatedOnToolsVersion = 11.5;
					};
				};
			};
			buildConfigurationList = 5273E41A24B8114D00BB999B /* Build configuration list for PBXProject "MovieApp" */;
			compatibilityVersion = "Xcode 9.3";
			developmentRegion = en;
			hasScannedForEncodings = 0;
			knownRegions = (
				en,
				Base,
			);
			mainGroup = 5273E41624B8114D00BB999B;
			packageReferences = (
				5273E45124B83D1100BB999B /* RemoteSwiftPackageReference */,
			);
			productRefGroup = 5273E42024B8114E00BB999B /* Products */;
			projectDirPath = "";
			projectRoot = "";
			targets = (
				5273E41E24B8114E00BB999B /* MovieApp */,
			);
		};
/* End PBXProject section */

/* Begin PBXResourcesBuildPhase section */
		5273E41D24B8114E00BB999B /* Resources */ = {
			isa = PBXResourcesBuildPhase;
			buildActionMask = 2147483647;
			files = (
				5273E42F24B8115000BB999B /* LaunchScreen.storyboard in Resources */,
				5273E42C24B8115000BB999B /* Preview Assets.xcassets in Resources */,
				5273E42924B8115000BB999B /* Assets.xcassets in Resources */,
			);
			runOnlyForDeploymentPostprocessing = 0;
		};
/* End PBXResourcesBuildPhase section */

/* Begin PBXSourcesBuildPhase section */
		5273E41B24B8114E00BB999B /* Sources */ = {
			isa = PBXSourcesBuildPhase;
			buildActionMask = 2147483647;
			files = (
				5273E42324B8114E00BB999B /* AppDelegate.swift in Sources */,
				5273E44C24B81F7900BB999B /* HomeViewModel.swift in Sources */,
				5273E45724B842BE00BB999B /* WebImage.swift in Sources */,
				5273E44924B81EF400BB999B /* ResponseDetail.swift in Sources */,
				5273E44724B81CA700BB999B /* ResponseTopRated.swift in Sources */,
				5273E44324B8181600BB999B /* Detail.swift in Sources */,
				5273E44524B81BA300BB999B /* ResponsePopular.swift in Sources */,
				5273E43C24B8131A00BB999B /* Request.swift in Sources */,
				5273E43F24B8176F00BB999B /* Home.swift in Sources */,
				5273E45524B8421A00BB999B /* DataLoader.swift in Sources */,
				5273E44124B8180100BB999B /* Favorite.swift in Sources */,
				5273E42524B8114E00BB999B /* SceneDelegate.swift in Sources */,
				5273E42724B8114E00BB999B /* ContentView.swift in Sources */,
			);
			runOnlyForDeploymentPostprocessing = 0;
		};
/* End PBXSourcesBuildPhase section */

/* Begin PBXVariantGroup section */
		5273E42D24B8115000BB999B /* LaunchScreen.storyboard */ = {
			isa = PBXVariantGroup;
			children = (
				5273E42E24B8115000BB999B /* Base */,
			);
			name = LaunchScreen.storyboard;
			sourceTree = "<group>";
		};
/* End PBXVariantGroup section */

/* Begin XCBuildConfiguration section */
		5273E43124B8115000BB999B /* Debug */ = {
			isa = XCBuildConfiguration;
			buildSettings = {
				ALWAYS_SEARCH_USER_PATHS = YES;
				CLANG_ANALYZER_NONNULL = YES;
				CLANG_ANALYZER_NUMBER_OBJECT_CONVERSION = YES_AGGRESSIVE;
				CLANG_CXX_LANGUAGE_STANDARD = "gnu++14";
				CLANG_CXX_LIBRARY = "libc++";
				CLANG_ENABLE_MODULES = YES;
				CLANG_ENABLE_OBJC_ARC = YES;
				CLANG_ENABLE_OBJC_WEAK = YES;
				CLANG_WARN_BLOCK_CAPTURE_AUTORELEASING = YES;
				CLANG_WARN_BOOL_CONVERSION = YES;
				CLANG_WARN_COMMA = YES;
				CLANG_WARN_CONSTANT_CONVERSION = YES;
				CLANG_WARN_DEPRECATED_OBJC_IMPLEMENTATIONS = YES;
				CLANG_WARN_DIRECT_OBJC_ISA_USAGE = YES_ERROR;
				CLANG_WARN_DOCUMENTATION_COMMENTS = YES;
				CLANG_WARN_EMPTY_BODY = YES;
				CLANG_WARN_ENUM_CONVERSION = YES;
				CLANG_WARN_INFINITE_RECURSION = YES;
				CLANG_WARN_INT_CONVERSION = YES;
				CLANG_WARN_NON_LITERAL_NULL_CONVERSION = YES;
				CLANG_WARN_OBJC_IMPLICIT_RETAIN_SELF = YES;
				CLANG_WARN_OBJC_LITERAL_CONVERSION = YES;
				CLANG_WARN_OBJC_ROOT_CLASS = YES_ERROR;
				CLANG_WARN_RANGE_LOOP_ANALYSIS = YES;
				CLANG_WARN_STRICT_PROTOTYPES = YES;
				CLANG_WARN_SUSPICIOUS_MOVE = YES;
				CLANG_WARN_UNGUARDED_AVAILABILITY = YES_AGGRESSIVE;
				CLANG_WARN_UNREACHABLE_CODE = YES;
				CLANG_WARN__DUPLICATE_METHOD_MATCH = YES;
				COPY_PHASE_STRIP = NO;
				DEBUG_INFORMATION_FORMAT = dwarf;
				ENABLE_STRICT_OBJC_MSGSEND = YES;
				ENABLE_TESTABILITY = YES;
				GCC_C_LANGUAGE_STANDARD = gnu11;
				GCC_DYNAMIC_NO_PIC = NO;
				GCC_NO_COMMON_BLOCKS = YES;
				GCC_OPTIMIZATION_LEVEL = 0;
				GCC_PREPROCESSOR_DEFINITIONS = (
					"DEBUG=1",
					"$(inherited)",
				);
				GCC_WARN_64_TO_32_BIT_CONVERSION = YES;
				GCC_WARN_ABOUT_RETURN_TYPE = YES_ERROR;
				GCC_WARN_UNDECLARED_SELECTOR = YES;
				GCC_WARN_UNINITIALIZED_AUTOS = YES_AGGRESSIVE;
				GCC_WARN_UNUSED_FUNCTION = YES;
				GCC_WARN_UNUSED_VARIABLE = YES;
				IPHONEOS_DEPLOYMENT_TARGET = 13.5;
				MTL_ENABLE_DEBUG_INFO = INCLUDE_SOURCE;
				MTL_FAST_MATH = YES;
				ONLY_ACTIVE_ARCH = YES;
				SDKROOT = iphoneos;
				SWIFT_ACTIVE_COMPILATION_CONDITIONS = DEBUG;
				SWIFT_OPTIMIZATION_LEVEL = "-Onone";
			};
			name = Debug;
		};
		5273E43224B8115000BB999B /* Release */ = {
			isa = XCBuildConfiguration;
			buildSettings = {
				ALWAYS_SEARCH_USER_PATHS = YES;
				CLANG_ANALYZER_NONNULL = YES;
				CLANG_ANALYZER_NUMBER_OBJECT_CONVERSION = YES_AGGRESSIVE;
				CLANG_CXX_LANGUAGE_STANDARD = "gnu++14";
				CLANG_CXX_LIBRARY = "libc++";
				CLANG_ENABLE_MODULES = YES;
				CLANG_ENABLE_OBJC_ARC = YES;
				CLANG_ENABLE_OBJC_WEAK = YES;
				CLANG_WARN_BLOCK_CAPTURE_AUTORELEASING = YES;
				CLANG_WARN_BOOL_CONVERSION = YES;
				CLANG_WARN_COMMA = YES;
				CLANG_WARN_CONSTANT_CONVERSION = YES;
				CLANG_WARN_DEPRECATED_OBJC_IMPLEMENTATIONS = YES;
				CLANG_WARN_DIRECT_OBJC_ISA_USAGE = YES_ERROR;
				CLANG_WARN_DOCUMENTATION_COMMENTS = YES;
				CLANG_WARN_EMPTY_BODY = YES;
				CLANG_WARN_ENUM_CONVERSION = YES;
				CLANG_WARN_INFINITE_RECURSION = YES;
				CLANG_WARN_INT_CONVERSION = YES;
				CLANG_WARN_NON_LITERAL_NULL_CONVERSION = YES;
				CLANG_WARN_OBJC_IMPLICIT_RETAIN_SELF = YES;
				CLANG_WARN_OBJC_LITERAL_CONVERSION = YES;
				CLANG_WARN_OBJC_ROOT_CLASS = YES_ERROR;
				CLANG_WARN_RANGE_LOOP_ANALYSIS = YES;
				CLANG_WARN_STRICT_PROTOTYPES = YES;
				CLANG_WARN_SUSPICIOUS_MOVE = YES;
				CLANG_WARN_UNGUARDED_AVAILABILITY = YES_AGGRESSIVE;
				CLANG_WARN_UNREACHABLE_CODE = YES;
				CLANG_WARN__DUPLICATE_METHOD_MATCH = YES;
				COPY_PHASE_STRIP = NO;
				DEBUG_INFORMATION_FORMAT = "dwarf-with-dsym";
				ENABLE_NS_ASSERTIONS = NO;
				ENABLE_STRICT_OBJC_MSGSEND = YES;
				GCC_C_LANGUAGE_STANDARD = gnu11;
				GCC_NO_COMMON_BLOCKS = YES;
				GCC_WARN_64_TO_32_BIT_CONVERSION = YES;
				GCC_WARN_ABOUT_RETURN_TYPE = YES_ERROR;
				GCC_WARN_UNDECLARED_SELECTOR = YES;
				GCC_WARN_UNINITIALIZED_AUTOS = YES_AGGRESSIVE;
				GCC_WARN_UNUSED_FUNCTION = YES;
				GCC_WARN_UNUSED_VARIABLE = YES;
				IPHONEOS_DEPLOYMENT_TARGET = 13.5;
				MTL_ENABLE_DEBUG_INFO = NO;
				MTL_FAST_MATH = YES;
				SDKROOT = iphoneos;
				SWIFT_COMPILATION_MODE = wholemodule;
				SWIFT_OPTIMIZATION_LEVEL = "-O";
				VALIDATE_PRODUCT = YES;
			};
			name = Release;
		};
		5273E43424B8115000BB999B /* Debug */ = {
			isa = XCBuildConfiguration;
			buildSettings = {
				ASSETCATALOG_COMPILER_APPICON_NAME = AppIcon;
				CODE_SIGN_STYLE = Automatic;
				DEVELOPMENT_ASSET_PATHS = "\"MovieApp/Preview Content\"";
				DEVELOPMENT_TEAM = D7PRDL38TQ;
				ENABLE_PREVIEWS = YES;
				INFOPLIST_FILE = MovieApp/Info.plist;
				LD_RUNPATH_SEARCH_PATHS = (
					"$(inherited)",
					"@executable_path/Frameworks",
				);
				PRODUCT_BUNDLE_IDENTIFIER = sukowidodo.com.MovieApp;
				PRODUCT_NAME = "$(TARGET_NAME)";
				SWIFT_VERSION = 5.0;
				TARGETED_DEVICE_FAMILY = "1,2";
			};
			name = Debug;
		};
		5273E43524B8115000BB999B /* Release */ = {
			isa = XCBuildConfiguration;
			buildSettings = {
				ASSETCATALOG_COMPILER_APPICON_NAME = AppIcon;
				CODE_SIGN_STYLE = Automatic;
				DEVELOPMENT_ASSET_PATHS = "\"MovieApp/Preview Content\"";
				DEVELOPMENT_TEAM = D7PRDL38TQ;
				ENABLE_PREVIEWS = YES;
				INFOPLIST_FILE = MovieApp/Info.plist;
				LD_RUNPATH_SEARCH_PATHS = (
					"$(inherited)",
					"@executable_path/Frameworks",
				);
				PRODUCT_BUNDLE_IDENTIFIER = sukowidodo.com.MovieApp;
				PRODUCT_NAME = "$(TARGET_NAME)";
				SWIFT_VERSION = 5.0;
				TARGETED_DEVICE_FAMILY = "1,2";
			};
			name = Release;
		};
/* End XCBuildConfiguration section */

/* Begin XCConfigurationList section */
		5273E41A24B8114D00BB999B /* Build configuration list for PBXProject "MovieApp" */ = {
			isa = XCConfigurationList;
			buildConfigurations = (
				5273E43124B8115000BB999B /* Debug */,
				5273E43224B8115000BB999B /* Release */,
			);
			defaultConfigurationIsVisible = 0;
			defaultConfigurationName = Release;
		};
		5273E43324B8115000BB999B /* Build configuration list for PBXNativeTarget "MovieApp" */ = {
			isa = XCConfigurationList;
			buildConfigurations = (
				5273E43424B8115000BB999B /* Debug */,
				5273E43524B8115000BB999B /* Release */,
			);
			defaultConfigurationIsVisible = 0;
			defaultConfigurationName = Release;
		};
/* End XCConfigurationList section */

/* Begin XCRemoteSwiftPackageReference section */
		5273E45124B83D1100BB999B /* RemoteSwiftPackageReference */ = {
			isa = XCRemoteSwiftPackageReference;
			repositoryURL = "https://github.com/dmytro-anokhin/url-image.git";
			requirement = {
				kind = upToNextMajorVersion;
				minimumVersion = 0.9.18;
			};
		};
/* End XCRemoteSwiftPackageReference section */
	};
	rootObject = 5273E41724B8114D00BB999B /* Project object */;
}
